
Microsoft Visual Studio Solution File, Format Version 12.00
# Visual Studio Version 17
VisualStudioVersion = 17.5.33516.290
MinimumVisualStudioVersion = 10.0.40219.1
Project("{FAE04EC0-301F-11D3-BF4B-00C04F79EFBC}") = "BraintreeDropIn", "BraintreeDropIn\BraintreeDropIn.csproj", "{29CB916F-05F5-4CC2-9C9E-4BDA7DA78C50}"
EndProject
Project("{FAE04EC0-301F-11D3-BF4B-00C04F79EFBC}") = "BrainTreeBrowserSwitch", "BrainTreeBrowserSwitch\BrainTreeBrowserSwitch.csproj", "{C94C2852-4E40-4D5B-9790-79B64AE1C623}"
EndProject
Project("{FAE04EC0-301F-11D3-BF4B-00C04F79EFBC}") = "BrainTreeCard", "BrainTreeCard\BrainTreeCard.csproj", "{5F6C80BD-DCBA-4798-9376-53800151D374}"
EndProject
Project("{FAE04EC0-301F-11D3-BF4B-00C04F79EFBC}") = "BrainTreeCardForm", "BrainTreeCardForm\BrainTreeCardForm.csproj", "{AFF34050-821C-4CF3-B2BA-D9FCF4934101}"
EndProject
Project("{FAE04EC0-301F-11D3-BF4B-00C04F79EFBC}") = "BrainTreeCore", "BrainTreeCore\BrainTreeCore.csproj", "{B51D67B1-2428-4543-8508-38ADC7A6855B}"
EndProject
Project("{FAE04EC0-301F-11D3-BF4B-00C04F79EFBC}") = "BrainTreeDataCollector", "BrainTreeDataCollector\BrainTreeDataCollector.csproj", "{1BD469FC-E8D8-4679-9533-7F9D6346B208}"
EndProject
Project("{FAE04EC0-301F-11D3-BF4B-00C04F79EFBC}") = "BrainTreeGooglePay", "BrainTreeGooglePay\BrainTreeGooglePay.csproj", "{0FC78D33-23AF-4EB7-B24E-691C54D9C133}"
EndProject
Project("{FAE04EC0-301F-11D3-BF4B-00C04F79EFBC}") = "BrainTreePayPal", "BrainTreePayPal\BrainTreePayPal.csproj", "{4A4DB2A5-DAF5-4F5A-BF52-BE1421D05DE7}"
EndProject
Project("{FAE04EC0-301F-11D3-BF4B-00C04F79EFBC}") = "BrainTreeThreeDSecure", "BrainTreeThreeDSecure\BrainTreeThreeDSecure.csproj", "{5554D020-0344-46D5-BD44-E0DA360DD19D}"
EndProject
Project("{FAE04EC0-301F-11D3-BF4B-00C04F79EFBC}") = "BrainTreeUnionPay", "BrainTreeUnionPay\BrainTreeUnionPay.csproj", "{C737E990-C0DD-4961-9A7D-C3A54211BDE1}"
EndProject
Project("{FAE04EC0-301F-11D3-BF4B-00C04F79EFBC}") = "BrainTreeVenmo", "BrainTreeVenmo\BrainTreeVenmo.csproj", "{8087DF7F-B27A-414B-A2FF-0E5E0AF49F60}"
EndProject
Project("{FAE04EC0-301F-11D3-BF4B-00C04F79EFBC}") = "PayPalDataCollector", "PayPalDataCollector\PayPalDataCollector.csproj", "{802FE3EE-2D15-495D-9EAE-9B7315E29C09}"
EndProject
Project("{FAE04EC0-301F-11D3-BF4B-00C04F79EFBC}") = "SharedUtilities", "SharedUtilities\SharedUtilities.csproj", "{82C7D892-3C53-4C51-82A6-298AEC6C48ED}"
EndProject
Global
	GlobalSection(SolutionConfigurationPlatforms) = preSolution
		Debug|Any CPU = Debug|Any CPU
		Release|Any CPU = Release|Any CPU
	EndGlobalSection
	GlobalSection(ProjectConfigurationPlatforms) = postSolution
		{29CB916F-05F5-4CC2-9C9E-4BDA7DA78C50}.Debug|Any CPU.ActiveCfg = Debug|Any CPU
		{29CB916F-05F5-4CC2-9C9E-4BDA7DA78C50}.Debug|Any CPU.Build.0 = Debug|Any CPU
		{29CB916F-05F5-4CC2-9C9E-4BDA7DA78C50}.Release|Any CPU.ActiveCfg = Release|Any CPU
		{29CB916F-05F5-4CC2-9C9E-4BDA7DA78C50}.Release|Any CPU.Build.0 = Release|Any CPU
		{C94C2852-4E40-4D5B-9790-79B64AE1C623}.Debug|Any CPU.ActiveCfg = Debug|Any CPU
		{C94C2852-4E40-4D5B-9790-79B64AE1C623}.Debug|Any CPU.Build.0 = Debug|Any CPU
		{C94C2852-4E40-4D5B-9790-79B64AE1C623}.Release|Any CPU.ActiveCfg = Release|Any CPU
		{C94C2852-4E40-4D5B-9790-79B64AE1C623}.Release|Any CPU.Build.0 = Release|Any CPU
		{5F6C80BD-DCBA-4798-9376-53800151D374}.Debug|Any CPU.ActiveCfg = Debug|Any CPU
		{5F6C80BD-DCBA-4798-9376-53800151D374}.Debug|Any CPU.Build.0 = Debug|Any CPU
		{5F6C80BD-DCBA-4798-9376-53800151D374}.Release|Any CPU.ActiveCfg = Release|Any CPU
		{5F6C80BD-DCBA-4798-9376-53800151D374}.Release|Any CPU.Build.0 = Release|Any CPU
		{AFF34050-821C-4CF3-B2BA-D9FCF4934101}.Debug|Any CPU.ActiveCfg = Debug|Any CPU
		{AFF34050-821C-4CF3-B2BA-D9FCF4934101}.Debug|Any CPU.Build.0 = Debug|Any CPU
		{AFF34050-821C-4CF3-B2BA-D9FCF4934101}.Release|Any CPU.ActiveCfg = Release|Any CPU
		{AFF34050-821C-4CF3-B2BA-D9FCF4934101}.Release|Any CPU.Build.0 = Release|Any CPU
		{B51D67B1-2428-4543-8508-38ADC7A6855B}.Debug|Any CPU.ActiveCfg = Debug|Any CPU
		{B51D67B1-2428-4543-8508-38ADC7A6855B}.Debug|Any CPU.Build.0 = Debug|Any CPU
		{B51D67B1-2428-4543-8508-38ADC7A6855B}.Release|Any CPU.ActiveCfg = Release|Any CPU
		{B51D67B1-2428-4543-8508-38ADC7A6855B}.Release|Any CPU.Build.0 = Release|Any CPU
		{1BD469FC-E8D8-4679-9533-7F9D6346B208}.Debug|Any CPU.ActiveCfg = Debug|Any CPU
		{1BD469FC-E8D8-4679-9533-7F9D6346B208}.Debug|Any CPU.Build.0 = Debug|Any CPU
		{1BD469FC-E8D8-4679-9533-7F9D6346B208}.Release|Any CPU.ActiveCfg = Release|Any CPU
		{1BD469FC-E8D8-4679-9533-7F9D6346B208}.Release|Any CPU.Build.0 = Release|Any CPU
		{0FC78D33-23AF-4EB7-B24E-691C54D9C133}.Debug|Any CPU.ActiveCfg = Debug|Any CPU
		{0FC78D33-23AF-4EB7-B24E-691C54D9C133}.Debug|Any CPU.Build.0 = Debug|Any CPU
		{0FC78D33-23AF-4EB7-B24E-691C54D9C133}.Release|Any CPU.ActiveCfg = Release|Any CPU
		{0FC78D33-23AF-4EB7-B24E-691C54D9C133}.Release|Any CPU.Build.0 = Release|Any CPU
		{4A4DB2A5-DAF5-4F5A-BF52-BE1421D05DE7}.Debug|Any CPU.ActiveCfg = Debug|Any CPU
		{4A4DB2A5-DAF5-4F5A-BF52-BE1421D05DE7}.Debug|Any CPU.Build.0 = Debug|Any CPU
		{4A4DB2A5-DAF5-4F5A-BF52-BE1421D05DE7}.Release|Any CPU.ActiveCfg = Release|Any CPU
		{4A4DB2A5-DAF5-4F5A-BF52-BE1421D05DE7}.Release|Any CPU.Build.0 = Release|Any CPU
		{5554D020-0344-46D5-BD44-E0DA360DD19D}.Debug|Any CPU.ActiveCfg = Debug|Any CPU
		{5554D020-0344-46D5-BD44-E0DA360DD19D}.Debug|Any CPU.Build.0 = Debug|Any CPU
		{5554D020-0344-46D5-BD44-E0DA360DD19D}.Release|Any CPU.ActiveCfg = Release|Any CPU
		{5554D020-0344-46D5-BD44-E0DA360DD19D}.Release|Any CPU.Build.0 = Release|Any CPU
		{C737E990-C0DD-4961-9A7D-C3A54211BDE1}.Debug|Any CPU.ActiveCfg = Debug|Any CPU
		{C737E990-C0DD-4961-9A7D-C3A54211BDE1}.Debug|Any CPU.Build.0 = Debug|Any CPU
		{C737E990-C0DD-4961-9A7D-C3A54211BDE1}.Release|Any CPU.ActiveCfg = Release|Any CPU
		{C737E990-C0DD-4961-9A7D-C3A54211BDE1}.Release|Any CPU.Build.0 = Release|Any CPU
		{8087DF7F-B27A-414B-A2FF-0E5E0AF49F60}.Debug|Any CPU.ActiveCfg = Debug|Any CPU
		{8087DF7F-B27A-414B-A2FF-0E5E0AF49F60}.Debug|Any CPU.Build.0 = Debug|Any CPU
		{8087DF7F-B27A-414B-A2FF-0E5E0AF49F60}.Release|Any CPU.ActiveCfg = Release|Any CPU
		{8087DF7F-B27A-414B-A2FF-0E5E0AF49F60}.Release|Any CPU.Build.0 = Release|Any CPU
		{802FE3EE-2D15-495D-9EAE-9B7315E29C09}.Debug|Any CPU.ActiveCfg = Debug|Any CPU
		{802FE3EE-2D15-495D-9EAE-9B7315E29C09}.Debug|Any CPU.Build.0 = Debug|Any CPU
		{802FE3EE-2D15-495D-9EAE-9B7315E29C09}.Release|Any CPU.ActiveCfg = Release|Any CPU
		{802FE3EE-2D15-495D-9EAE-9B7315E29C09}.Release|Any CPU.Build.0 = Release|Any CPU
		{82C7D892-3C53-4C51-82A6-298AEC6C48ED}.Debug|Any CPU.ActiveCfg = Debug|Any CPU
		{82C7D892-3C53-4C51-82A6-298AEC6C48ED}.Debug|Any CPU.Build.0 = Debug|Any CPU
		{82C7D892-3C53-4C51-82A6-298AEC6C48ED}.Release|Any CPU.ActiveCfg = Release|Any CPU
		{82C7D892-3C53-4C51-82A6-298AEC6C48ED}.Release|Any CPU.Build.0 = Release|Any CPU
	EndGlobalSection
	GlobalSection(SolutionProperties) = preSolution
		HideSolutionNode = FALSE
	EndGlobalSection
	GlobalSection(ExtensibilityGlobals) = postSolution
		SolutionGuid = {F8AEE26B-7F20-47A7-92ED-D4524B77D3F4}
	EndGlobalSection
EndGlobal
